Microsoft Visual Studio Solution File, Format Version 12.00
# Visual Studio 15
VisualStudioVersion = 15.0.28307.168
MinimumVisualStudioVersion = 10.0.40219.1
Project("{9A19103F-16F7-4668-BE54-9A1E7A4F7556}") = "BFU", "BFU\BFU.csproj", "{509DF07C-D977-4A81-8CFD-E72A5D7B9B52}"
EndProject
Project("{FAE04EC0-301F-11D3-BF4B-00C04F79EFBC}") = "BFUlib", "BFUlib\BFUlib.csproj", "{22CC72EB-BF46-4E74-932A-115C72AAEFAC}"
EndProject
Global
	GlobalSection(SolutionConfigurationPlatforms) = preSolution
		Debug|Any CPU = Debug|Any CPU
		Release|Any CPU = Release|Any CPU
	EndGlobalSection
	GlobalSection(ProjectConfigurationPlatforms) = postSolution
		{509DF07C-D977-4A81-8CFD-E72A5D7B9B52}.Debug|Any CPU.ActiveCfg = Debug|Any CPU
		{509DF07C-D977-4A81-8CFD-E72A5D7B9B52}.Debug|Any CPU.Build.0 = Debug|Any CPU
		{509DF07C-D977-4A81-8CFD-E72A5D7B9B52}.Release|Any CPU.ActiveCfg = Release|Any CPU
		{509DF07C-D977-4A81-8CFD-E72A5D7B9B52}.Release|Any CPU.Build.0 = Release|Any CPU
		{22CC72EB-BF46-4E74-932A-115C72AAEFAC}.Debug|Any CPU.ActiveCfg = Debug|Any CPU
		{22CC72EB-BF46-4E74-932A-115C72AAEFAC}.Debug|Any CPU.Build.0 = Debug|Any CPU
		{22CC72EB-BF46-4E74-932A-115C72AAEFAC}.Release|Any CPU.ActiveCfg = Release|Any CPU
		{22CC72EB-BF46-4E74-932A-115C72AAEFAC}.Release|Any CPU.Build.0 = Release|Any CPU
	EndGlobalSection
	GlobalSection(SolutionProperties) = preSolution
		HideSolutionNode = FALSE
	EndGlobalSection
	GlobalSection(ExtensibilityGlobals) = postSolution
		SolutionGuid = {AAEBC6DA-B9A2-4AA2-B52B-B8B489212F2E}
	EndGlobalSection
EndGlobal
